{
  "name": "codescoring-benchmark-npm-vulnerable",
  "version": "1.0.0",
  "lockfileVersion": 1,
  "requires": true,
  "dependencies": {
    "lodash": {
      "version": "4.17.20"
    },
    "mkdirp": {
      "version": "0.5.1",
      "requires": {
        "minimist": "0.0.8"
      },
      "dependencies": {
        "minimist": {
          "version": "0.0.8"
        }
      }
    }
  }
}
